// !$*UTF8*$!
{
	archiveVersion = 1;
	classes = {
	};
	objectVersion = 56;
	objects = {

/* Begin PBXBuildFile section */
		329BC1EE2AA63D5100596677 /* SwiftUI_Academy_AV_SystemApp.swift in Sources */ = {isa = PBXBuildFile; fileRef = 329BC1ED2AA63D5100596677 /* SwiftUI_Academy_AV_SystemApp.swift */; };
		329BC1F02AA63D5100596677 /* ContentView.swift in Sources */ = {isa = PBXBuildFile; fileRef = 329BC1EF2AA63D5100596677 /* ContentView.swift */; };
		329BC1F22AA63D5400596677 /* Assets.xcassets in Resources */ = {isa = PBXBuildFile; fileRef = 329BC1F12AA63D5400596677 /* Assets.xcassets */; };
		329BC1F52AA63D5400596677 /* Preview Assets.xcassets in Resources */ = {isa = PBXBuildFile; fileRef = 329BC1F42AA63D5400596677 /* Preview Assets.xcassets */; };
		329BC1FD2AA63DA000596677 /* CameraView.swift in Sources */ = {isa = PBXBuildFile; fileRef = 329BC1FC2AA63DA000596677 /* CameraView.swift */; };
		329BC1FF2AA63E5B00596677 /* ControlPanelView.swift in Sources */ = {isa = PBXBuildFile; fileRef = 329BC1FE2AA63E5B00596677 /* ControlPanelView.swift */; };
		329BC2012AA6419200596677 /* DashboardElement.swift in Sources */ = {isa = PBXBuildFile; fileRef = 329BC2002AA6419200596677 /* DashboardElement.swift */; };
		329BC2032AA641AE00596677 /* CameraInput.swift in Sources */ = {isa = PBXBuildFile; fileRef = 329BC2022AA641AE00596677 /* CameraInput.swift */; };
		329BC2052AA641BE00596677 /* CameraViewModel.swift in Sources */ = {isa = PBXBuildFile; fileRef = 329BC2042AA641BE00596677 /* CameraViewModel.swift */; };
		329BC20D2AA6481D00596677 /* PresentationState.swift in Sources */ = {isa = PBXBuildFile; fileRef = 329BC20C2AA6481D00596677 /* PresentationState.swift */; };
		329BC20F2AA6488400596677 /* ViewModel.swift in Sources */ = {isa = PBXBuildFile; fileRef = 329BC20E2AA6488400596677 /* ViewModel.swift */; };
		329BC2112AA6492A00596677 /* DashboardSection.swift in Sources */ = {isa = PBXBuildFile; fileRef = 329BC2102AA6492A00596677 /* DashboardSection.swift */; };
		329BC2132AA649C700596677 /* DashboardAppleTVLivePreview.swift in Sources */ = {isa = PBXBuildFile; fileRef = 329BC2122AA649C700596677 /* DashboardAppleTVLivePreview.swift */; };
		329BC2152AA64A0900596677 /* DashboardCaptureCameraSettings.swift in Sources */ = {isa = PBXBuildFile; fileRef = 329BC2142AA64A0900596677 /* DashboardCaptureCameraSettings.swift */; };
		329BC2182AA64D9B00596677 /* WelcomePresentationDashboardItem.swift in Sources */ = {isa = PBXBuildFile; fileRef = 329BC2172AA64D9B00596677 /* WelcomePresentationDashboardItem.swift */; };
		329BC21B2AA64F6C00596677 /* DashboardHighlightedModifier.swift in Sources */ = {isa = PBXBuildFile; fileRef = 329BC21A2AA64F6C00596677 /* DashboardHighlightedModifier.swift */; };
		329BC21D2AA6518200596677 /* HoldingPresentationDashboardItem.swift in Sources */ = {isa = PBXBuildFile; fileRef = 329BC21C2AA6518200596677 /* HoldingPresentationDashboardItem.swift */; };
		329BC21F2AA6522300596677 /* LunchPresentationDashboardItem.swift in Sources */ = {isa = PBXBuildFile; fileRef = 329BC21E2AA6522300596677 /* LunchPresentationDashboardItem.swift */; };
		329BC2212AA652B800596677 /* AppleTVPresentationDashboardItem.swift in Sources */ = {isa = PBXBuildFile; fileRef = 329BC2202AA652B800596677 /* AppleTVPresentationDashboardItem.swift */; };
		329BC2232AA6534F00596677 /* TimerPresentationDashboardItem.swift in Sources */ = {isa = PBXBuildFile; fileRef = 329BC2222AA6534F00596677 /* TimerPresentationDashboardItem.swift */; };
		329BC2252AA654FB00596677 /* WelcomeView.swift in Sources */ = {isa = PBXBuildFile; fileRef = 329BC2242AA654FB00596677 /* WelcomeView.swift */; };
		329BC2272AA657BB00596677 /* HoldingView.swift in Sources */ = {isa = PBXBuildFile; fileRef = 329BC2262AA657BB00596677 /* HoldingView.swift */; };
		329BC2292AA6588500596677 /* LunchView.swift in Sources */ = {isa = PBXBuildFile; fileRef = 329BC2282AA6588500596677 /* LunchView.swift */; };
		329BC22B2AA6595C00596677 /* TimerView.swift in Sources */ = {isa = PBXBuildFile; fileRef = 329BC22A2AA6595C00596677 /* TimerView.swift */; };
		329BC22E2AA660EF00596677 /* Subsonic in Frameworks */ = {isa = PBXBuildFile; productRef = 329BC22D2AA660EF00596677 /* Subsonic */; };
		329BC2302AA6615C00596677 /* radar.m4a in Resources */ = {isa = PBXBuildFile; fileRef = 329BC22F2AA6615C00596677 /* radar.m4a */; };
		32A3C41E2AA6E5CD0044E575 /* AppleTVView.swift in Sources */ = {isa = PBXBuildFile; fileRef = 32A3C41D2AA6E5CD0044E575 /* AppleTVView.swift */; };
		32A3C43A2AA70C130044E575 /* CountdownView.swift in Sources */ = {isa = PBXBuildFile; fileRef = 32A3C4392AA70C130044E575 /* CountdownView.swift */; };
		32A3C4422AA77CBD0044E575 /* AV_Remote_ControlApp.swift in Sources */ = {isa = PBXBuildFile; fileRef = 32A3C4412AA77CBD0044E575 /* AV_Remote_ControlApp.swift */; };
		32A3C4442AA77CBD0044E575 /* ContentView.swift in Sources */ = {isa = PBXBuildFile; fileRef = 32A3C4432AA77CBD0044E575 /* ContentView.swift */; };
		32A3C4462AA77CC00044E575 /* Assets.xcassets in Resources */ = {isa = PBXBuildFile; fileRef = 32A3C4452AA77CC00044E575 /* Assets.xcassets */; };
		32A3C4492AA77CC00044E575 /* Preview Assets.xcassets in Resources */ = {isa = PBXBuildFile; fileRef = 32A3C4482AA77CC00044E575 /* Preview Assets.xcassets */; };
		32A3C44F2AA77CD60044E575 /* MultipeerConstants.swift in Sources */ = {isa = PBXBuildFile; fileRef = 32A3C44E2AA77CD60044E575 /* MultipeerConstants.swift */; };
		32A3C4502AA77CD80044E575 /* MultipeerConstants.swift in Sources */ = {isa = PBXBuildFile; fileRef = 32A3C44E2AA77CD60044E575 /* MultipeerConstants.swift */; };
		32A3C4542AA77EC70044E575 /* ViewModel+MultipeerConnectivity.swift in Sources */ = {isa = PBXBuildFile; fileRef = 32A3C4532AA77EC70044E575 /* ViewModel+MultipeerConnectivity.swift */; };
		32A3C4582AA780020044E575 /* RemoteControlDashboardItem.swift in Sources */ = {isa = PBXBuildFile; fileRef = 32A3C4572AA780020044E575 /* RemoteControlDashboardItem.swift */; };
		32A3C45A2AA781FC0044E575 /* ViewModel.swift in Sources */ = {isa = PBXBuildFile; fileRef = 32A3C4592AA781FC0044E575 /* ViewModel.swift */; };
		32A3C45C2AA7820F0044E575 /* ViewModel+MultipeerConnectivity.swift in Sources */ = {isa = PBXBuildFile; fileRef = 32A3C45B2AA7820F0044E575 /* ViewModel+MultipeerConnectivity.swift */; };
		32A3C45E2AA782280044E575 /* MCBrowserManager.swift in Sources */ = {isa = PBXBuildFile; fileRef = 32A3C45D2AA782280044E575 /* MCBrowserManager.swift */; };
		32A3C45F2AA782480044E575 /* PresentationState.swift in Sources */ = {isa = PBXBuildFile; fileRef = 329BC20C2AA6481D00596677 /* PresentationState.swift */; };
		32A3C4622AA795130044E575 /* MCSessionState+CustomStringConvertible.swift in Sources */ = {isa = PBXBuildFile; fileRef = 32A3C4612AA795130044E575 /* MCSessionState+CustomStringConvertible.swift */; };
		32A3C4632AA7951A0044E575 /* MCSessionState+CustomStringConvertible.swift in Sources */ = {isa = PBXBuildFile; fileRef = 32A3C4612AA795130044E575 /* MCSessionState+CustomStringConvertible.swift */; };
		32A3C4642AA80CB00044E575 /* DashboardElement.swift in Sources */ = {isa = PBXBuildFile; fileRef = 329BC2002AA6419200596677 /* DashboardElement.swift */; };
		32A3C4652AA80CBA0044E575 /* HoldingPresentationDashboardItem.swift in Sources */ = {isa = PBXBuildFile; fileRef = 329BC21C2AA6518200596677 /* HoldingPresentationDashboardItem.swift */; };
		32A3C4662AA80CBA0044E575 /* DashboardHighlightedModifier.swift in Sources */ = {isa = PBXBuildFile; fileRef = 329BC21A2AA64F6C00596677 /* DashboardHighlightedModifier.swift */; };
		32A3C4672AA80CBA0044E575 /* TimerPresentationDashboardItem.swift in Sources */ = {isa = PBXBuildFile; fileRef = 329BC2222AA6534F00596677 /* TimerPresentationDashboardItem.swift */; };
		32A3C4682AA80CBA0044E575 /* AppleTVPresentationDashboardItem.swift in Sources */ = {isa = PBXBuildFile; fileRef = 329BC2202AA652B800596677 /* AppleTVPresentationDashboardItem.swift */; };
		32A3C4692AA80CBA0044E575 /* LunchPresentationDashboardItem.swift in Sources */ = {isa = PBXBuildFile; fileRef = 329BC21E2AA6522300596677 /* LunchPresentationDashboardItem.swift */; };
		32A3C46A2AA80CBA0044E575 /* WelcomePresentationDashboardItem.swift in Sources */ = {isa = PBXBuildFile; fileRef = 329BC2172AA64D9B00596677 /* WelcomePresentationDashboardItem.swift */; };
/* End PBXBuildFile section */

/* Begin PBXFileReference section */
		329BC1EA2AA63D5100596677 /* SwiftUI-Academy-AV-System.app */ = {isa = PBXFileReference; explicitFileType = wrapper.application; includeInIndex = 0; path = "SwiftUI-Academy-AV-System.app"; sourceTree = BUILT_PRODUCTS_DIR; };
		329BC1ED2AA63D5100596677 /* SwiftUI_Academy_AV_SystemApp.swift */ = {isa = PBXFileReference; lastKnownFileType = sourcecode.swift; path = SwiftUI_Academy_AV_SystemApp.swift; sourceTree = "<group>"; };
		329BC1EF2AA63D5100596677 /* ContentView.swift */ = {isa = PBXFileReference; lastKnownFileType = sourcecode.swift; path = ContentView.swift; sourceTree = "<group>"; };
		329BC1F12AA63D5400596677 /* Assets.xcassets */ = {isa = PBXFileReference; lastKnownFileType = folder.assetcatalog; path = Assets.xcassets; sourceTree = "<group>"; };
		329BC1F42AA63D5400596677 /* Preview Assets.xcassets */ = {isa = PBXFileReference; lastKnownFileType = folder.assetcatalog; path = "Preview Assets.xcassets"; sourceTree = "<group>"; };
		329BC1F62AA63D5400596677 /* SwiftUI_Academy_AV_System.entitlements */ = {isa = PBXFileReference; lastKnownFileType = text.plist.entitlements; path = SwiftUI_Academy_AV_System.entitlements; sourceTree = "<group>"; };
		329BC1FC2AA63DA000596677 /* CameraView.swift */ = {isa = PBXFileReference; lastKnownFileType = sourcecode.swift; path = CameraView.swift; sourceTree = "<group>"; };
		329BC1FE2AA63E5B00596677 /* ControlPanelView.swift */ = {isa = PBXFileReference; lastKnownFileType = sourcecode.swift; path = ControlPanelView.swift; sourceTree = "<group>"; };
		329BC2002AA6419200596677 /* DashboardElement.swift */ = {isa = PBXFileReference; lastKnownFileType = sourcecode.swift; path = DashboardElement.swift; sourceTree = "<group>"; };
		329BC2022AA641AE00596677 /* CameraInput.swift */ = {isa = PBXFileReference; lastKnownFileType = sourcecode.swift; path = CameraInput.swift; sourceTree = "<group>"; };
		329BC2042AA641BE00596677 /* CameraViewModel.swift */ = {isa = PBXFileReference; lastKnownFileType = sourcecode.swift; path = CameraViewModel.swift; sourceTree = "<group>"; };
		329BC20C2AA6481D00596677 /* PresentationState.swift */ = {isa = PBXFileReference; lastKnownFileType = sourcecode.swift; path = PresentationState.swift; sourceTree = "<group>"; };
		329BC20E2AA6488400596677 /* ViewModel.swift */ = {isa = PBXFileReference; lastKnownFileType = sourcecode.swift; path = ViewModel.swift; sourceTree = "<group>"; };
		329BC2102AA6492A00596677 /* DashboardSection.swift */ = {isa = PBXFileReference; lastKnownFileType = sourcecode.swift; path = DashboardSection.swift; sourceTree = "<group>"; };
		329BC2122AA649C700596677 /* DashboardAppleTVLivePreview.swift */ = {isa = PBXFileReference; lastKnownFileType = sourcecode.swift; path = DashboardAppleTVLivePreview.swift; sourceTree = "<group>"; };
		329BC2142AA64A0900596677 /* DashboardCaptureCameraSettings.swift */ = {isa = PBXFileReference; lastKnownFileType = sourcecode.swift; path = DashboardCaptureCameraSettings.swift; sourceTree = "<group>"; };
		329BC2172AA64D9B00596677 /* WelcomePresentationDashboardItem.swift */ = {isa = PBXFileReference; lastKnownFileType = sourcecode.swift; path = WelcomePresentationDashboardItem.swift; sourceTree = "<group>"; };
		329BC21A2AA64F6C00596677 /* DashboardHighlightedModifier.swift */ = {isa = PBXFileReference; lastKnownFileType = sourcecode.swift; path = DashboardHighlightedModifier.swift; sourceTree = "<group>"; };
		329BC21C2AA6518200596677 /* HoldingPresentationDashboardItem.swift */ = {isa = PBXFileReference; lastKnownFileType = sourcecode.swift; path = HoldingPresentationDashboardItem.swift; sourceTree = "<group>"; };
		329BC21E2AA6522300596677 /* LunchPresentationDashboardItem.swift */ = {isa = PBXFileReference; lastKnownFileType = sourcecode.swift; path = LunchPresentationDashboardItem.swift; sourceTree = "<group>"; };
		329BC2202AA652B800596677 /* AppleTVPresentationDashboardItem.swift */ = {isa = PBXFileReference; lastKnownFileType = sourcecode.swift; path = AppleTVPresentationDashboardItem.swift; sourceTree = "<group>"; };
		329BC2222AA6534F00596677 /* TimerPresentationDashboardItem.swift */ = {isa = PBXFileReference; lastKnownFileType = sourcecode.swift; path = TimerPresentationDashboardItem.swift; sourceTree = "<group>"; };
		329BC2242AA654FB00596677 /* WelcomeView.swift */ = {isa = PBXFileReference; lastKnownFileType = sourcecode.swift; path = WelcomeView.swift; sourceTree = "<group>"; };
		329BC2262AA657BB00596677 /* HoldingView.swift */ = {isa = PBXFileReference; lastKnownFileType = sourcecode.swift; path = HoldingView.swift; sourceTree = "<group>"; };
		329BC2282AA6588500596677 /* LunchView.swift */ = {isa = PBXFileReference; lastKnownFileType = sourcecode.swift; path = LunchView.swift; sourceTree = "<group>"; };
		329BC22A2AA6595C00596677 /* TimerView.swift */ = {isa = PBXFileReference; lastKnownFileType = sourcecode.swift; path = TimerView.swift; sourceTree = "<group>"; };
		329BC22F2AA6615C00596677 /* radar.m4a */ = {isa = PBXFileReference; lastKnownFileType = file; path = radar.m4a; sourceTree = "<group>"; };
		32A3C41D2AA6E5CD0044E575 /* AppleTVView.swift */ = {isa = PBXFileReference; lastKnownFileType = sourcecode.swift; path = AppleTVView.swift; sourceTree = "<group>"; };
		32A3C4392AA70C130044E575 /* CountdownView.swift */ = {isa = PBXFileReference; lastKnownFileType = sourcecode.swift; path = CountdownView.swift; sourceTree = "<group>"; };
		32A3C43F2AA77CBD0044E575 /* AV Remote Control.app */ = {isa = PBXFileReference; explicitFileType = wrapper.application; includeInIndex = 0; path = "AV Remote Control.app"; sourceTree = BUILT_PRODUCTS_DIR; };
		32A3C4412AA77CBD0044E575 /* AV_Remote_ControlApp.swift */ = {isa = PBXFileReference; lastKnownFileType = sourcecode.swift; path = AV_Remote_ControlApp.swift; sourceTree = "<group>"; };
		32A3C4432AA77CBD0044E575 /* ContentView.swift */ = {isa = PBXFileReference; lastKnownFileType = sourcecode.swift; path = ContentView.swift; sourceTree = "<group>"; };
		32A3C4452AA77CC00044E575 /* Assets.xcassets */ = {isa = PBXFileReference; lastKnownFileType = folder.assetcatalog; path = Assets.xcassets; sourceTree = "<group>"; };
		32A3C4482AA77CC00044E575 /* Preview Assets.xcassets */ = {isa = PBXFileReference; lastKnownFileType = folder.assetcatalog; path = "Preview Assets.xcassets"; sourceTree = "<group>"; };
		32A3C44E2AA77CD60044E575 /* MultipeerConstants.swift */ = {isa = PBXFileReference; lastKnownFileType = sourcecode.swift; path = MultipeerConstants.swift; sourceTree = "<group>"; };
		32A3C4532AA77EC70044E575 /* ViewModel+MultipeerConnectivity.swift */ = {isa = PBXFileReference; lastKnownFileType = sourcecode.swift; path = "ViewModel+MultipeerConnectivity.swift"; sourceTree = "<group>"; };
		32A3C4552AA77F890044E575 /* AV-Remote-Control-Info.plist */ = {isa = PBXFileReference; lastKnownFileType = text.plist; path = "AV-Remote-Control-Info.plist"; sourceTree = SOURCE_ROOT; };
		32A3C4562AA77FB70044E575 /* Info.plist */ = {isa = PBXFileReference; lastKnownFileType = text.plist; path = Info.plist; sourceTree = "<group>"; };
		32A3C4572AA780020044E575 /* RemoteControlDashboardItem.swift */ = {isa = PBXFileReference; lastKnownFileType = sourcecode.swift; path = RemoteControlDashboardItem.swift; sourceTree = "<group>"; };
		32A3C4592AA781FC0044E575 /* ViewModel.swift */ = {isa = PBXFileReference; lastKnownFileType = sourcecode.swift; path = ViewModel.swift; sourceTree = "<group>"; };
		32A3C45B2AA7820F0044E575 /* ViewModel+MultipeerConnectivity.swift */ = {isa = PBXFileReference; lastKnownFileType = sourcecode.swift; path = "ViewModel+MultipeerConnectivity.swift"; sourceTree = "<group>"; };
		32A3C45D2AA782280044E575 /* MCBrowserManager.swift */ = {isa = PBXFileReference; lastKnownFileType = sourcecode.swift; path = MCBrowserManager.swift; sourceTree = "<group>"; };
		32A3C4612AA795130044E575 /* MCSessionState+CustomStringConvertible.swift */ = {isa = PBXFileReference; lastKnownFileType = sourcecode.swift; path = "MCSessionState+CustomStringConvertible.swift"; sourceTree = "<group>"; };
/* End PBXFileReference section */

/* Begin PBXFrameworksBuildPhase section */
		329BC1E72AA63D5100596677 /* Frameworks */ = {
			isa = PBXFrameworksBuildPhase;
			buildActionMask = 2147483647;
			files = (
				329BC22E2AA660EF00596677 /* Subsonic in Frameworks */,
			);
			runOnlyForDeploymentPostprocessing = 0;
		};
		32A3C43C2AA77CBD0044E575 /* Frameworks */ = {
			isa = PBXFrameworksBuildPhase;
			buildActionMask = 2147483647;
			files = (
			);
			runOnlyForDeploymentPostprocessing = 0;
		};
/* End PBXFrameworksBuildPhase section */

/* Begin PBXGroup section */
		329BC1E12AA63D5100596677 = {
			isa = PBXGroup;
			children = (
				32A3C44D2AA77CCC0044E575 /* Shared */,
				329BC1EC2AA63D5100596677 /* SwiftUI-Academy-AV-System */,
				32A3C4402AA77CBD0044E575 /* AV Remote Control */,
				329BC1EB2AA63D5100596677 /* Products */,
			);
			sourceTree = "<group>";
		};
		329BC1EB2AA63D5100596677 /* Products */ = {
			isa = PBXGroup;
			children = (
				329BC1EA2AA63D5100596677 /* SwiftUI-Academy-AV-System.app */,
				32A3C43F2AA77CBD0044E575 /* AV Remote Control.app */,
			);
			name = Products;
			sourceTree = "<group>";
		};
		329BC1EC2AA63D5100596677 /* SwiftUI-Academy-AV-System */ = {
			isa = PBXGroup;
			children = (
				32A3C4562AA77FB70044E575 /* Info.plist */,
				329BC1ED2AA63D5100596677 /* SwiftUI_Academy_AV_SystemApp.swift */,
				329BC2082AA641D900596677 /* Models */,
				329BC2062AA641CE00596677 /* Views */,
				329BC2072AA641D200596677 /* View Model */,
				329BC1F12AA63D5400596677 /* Assets.xcassets */,
				329BC22F2AA6615C00596677 /* radar.m4a */,
				329BC1F62AA63D5400596677 /* SwiftUI_Academy_AV_System.entitlements */,
				329BC1F32AA63D5400596677 /* Preview Content */,
			);
			path = "SwiftUI-Academy-AV-System";
			sourceTree = "<group>";
		};
		329BC1F32AA63D5400596677 /* Preview Content */ = {
			isa = PBXGroup;
			children = (
				329BC1F42AA63D5400596677 /* Preview Assets.xcassets */,
			);
			path = "Preview Content";
			sourceTree = "<group>";
		};
		329BC2062AA641CE00596677 /* Views */ = {
			isa = PBXGroup;
			children = (
				329BC1EF2AA63D5100596677 /* ContentView.swift */,
				32A3C4392AA70C130044E575 /* CountdownView.swift */,
				32A3C41D2AA6E5CD0044E575 /* AppleTVView.swift */,
				329BC22A2AA6595C00596677 /* TimerView.swift */,
				329BC2262AA657BB00596677 /* HoldingView.swift */,
				329BC2282AA6588500596677 /* LunchView.swift */,
				329BC2242AA654FB00596677 /* WelcomeView.swift */,
				329BC1FC2AA63DA000596677 /* CameraView.swift */,
				329BC20B2AA6468A00596677 /* Dashboard */,
			);
			path = Views;
			sourceTree = "<group>";
		};
		329BC2072AA641D200596677 /* View Model */ = {
			isa = PBXGroup;
			children = (
				329BC2042AA641BE00596677 /* CameraViewModel.swift */,
				329BC20E2AA6488400596677 /* ViewModel.swift */,
				32A3C4532AA77EC70044E575 /* ViewModel+MultipeerConnectivity.swift */,
			);
			path = "View Model";
			sourceTree = "<group>";
		};
		329BC2082AA641D900596677 /* Models */ = {
			isa = PBXGroup;
			children = (
				329BC2022AA641AE00596677 /* CameraInput.swift */,
			);
			path = Models;
			sourceTree = "<group>";
		};
		329BC20B2AA6468A00596677 /* Dashboard */ = {
			isa = PBXGroup;
			children = (
				329BC1FE2AA63E5B00596677 /* ControlPanelView.swift */,
				32A3C4572AA780020044E575 /* RemoteControlDashboardItem.swift */,
				329BC2192AA64F3A00596677 /* Presentation */,
				329BC2162AA64A3100596677 /* AirPlay Setup */,
				329BC2102AA6492A00596677 /* DashboardSection.swift */,
				329BC2002AA6419200596677 /* DashboardElement.swift */,
			);
			path = Dashboard;
			sourceTree = "<group>";
		};
		329BC2162AA64A3100596677 /* AirPlay Setup */ = {
			isa = PBXGroup;
			children = (
				329BC2142AA64A0900596677 /* DashboardCaptureCameraSettings.swift */,
				329BC2122AA649C700596677 /* DashboardAppleTVLivePreview.swift */,
			);
			path = "AirPlay Setup";
			sourceTree = "<group>";
		};
		329BC2192AA64F3A00596677 /* Presentation */ = {
			isa = PBXGroup;
			children = (
				329BC2172AA64D9B00596677 /* WelcomePresentationDashboardItem.swift */,
				329BC21C2AA6518200596677 /* HoldingPresentationDashboardItem.swift */,
				329BC2202AA652B800596677 /* AppleTVPresentationDashboardItem.swift */,
				329BC21E2AA6522300596677 /* LunchPresentationDashboardItem.swift */,
				329BC2222AA6534F00596677 /* TimerPresentationDashboardItem.swift */,
				329BC21A2AA64F6C00596677 /* DashboardHighlightedModifier.swift */,
			);
			path = Presentation;
			sourceTree = "<group>";
		};
		32A3C4402AA77CBD0044E575 /* AV Remote Control */ = {
			isa = PBXGroup;
			children = (
				32A3C4552AA77F890044E575 /* AV-Remote-Control-Info.plist */,
				32A3C4412AA77CBD0044E575 /* AV_Remote_ControlApp.swift */,
				32A3C4432AA77CBD0044E575 /* ContentView.swift */,
				32A3C4592AA781FC0044E575 /* ViewModel.swift */,
				32A3C45B2AA7820F0044E575 /* ViewModel+MultipeerConnectivity.swift */,
				32A3C45D2AA782280044E575 /* MCBrowserManager.swift */,
				32A3C4452AA77CC00044E575 /* Assets.xcassets */,
				32A3C4472AA77CC00044E575 /* Preview Content */,
			);
			path = "AV Remote Control";
			sourceTree = "<group>";
		};
		32A3C4472AA77CC00044E575 /* Preview Content */ = {
			isa = PBXGroup;
			children = (
				32A3C4482AA77CC00044E575 /* Preview Assets.xcassets */,
			);
			path = "Preview Content";
			sourceTree = "<group>";
		};
		32A3C44D2AA77CCC0044E575 /* Shared */ = {
			isa = PBXGroup;
			children = (
				32A3C44E2AA77CD60044E575 /* MultipeerConstants.swift */,
				329BC20C2AA6481D00596677 /* PresentationState.swift */,
				32A3C4602AA795090044E575 /* Helper Methods */,
			);
			path = Shared;
			sourceTree = "<group>";
		};
		32A3C4602AA795090044E575 /* Helper Methods */ = {
			isa = PBXGroup;
			children = (
				32A3C4612AA795130044E575 /* MCSessionState+CustomStringConvertible.swift */,
			);
			path = "Helper Methods";
			sourceTree = "<group>";
		};
/* End PBXGroup section */

/* Begin PBXNativeTarget section */
		329BC1E92AA63D5100596677 /* SwiftUI-Academy-AV-System */ = {
			isa = PBXNativeTarget;
			buildConfigurationList = 329BC1F92AA63D5400596677 /* Build configuration list for PBXNativeTarget "SwiftUI-Academy-AV-System" */;
			buildPhases = (
				329BC1E62AA63D5100596677 /* Sources */,
				329BC1E72AA63D5100596677 /* Frameworks */,
				329BC1E82AA63D5100596677 /* Resources */,
			);
			buildRules = (
			);
			dependencies = (
			);
			name = "SwiftUI-Academy-AV-System";
			packageProductDependencies = (
				329BC22D2AA660EF00596677 /* Subsonic */,
			);
			productName = "SwiftUI-Academy-AV-System";
			productReference = 329BC1EA2AA63D5100596677 /* SwiftUI-Academy-AV-System.app */;
			productType = "com.apple.product-type.application";
		};
		32A3C43E2AA77CBD0044E575 /* AV Remote Control */ = {
			isa = PBXNativeTarget;
			buildConfigurationList = 32A3C44A2AA77CC00044E575 /* Build configuration list for PBXNativeTarget "AV Remote Control" */;
			buildPhases = (
				32A3C43B2AA77CBD0044E575 /* Sources */,
				32A3C43C2AA77CBD0044E575 /* Frameworks */,
				32A3C43D2AA77CBD0044E575 /* Resources */,
			);
			buildRules = (
			);
			dependencies = (
			);
			name = "AV Remote Control";
			productName = "AV Remote Control";
			productReference = 32A3C43F2AA77CBD0044E575 /* AV Remote Control.app */;
			productType = "com.apple.product-type.application";
		};
/* End PBXNativeTarget section */

/* Begin PBXProject section */
		329BC1E22AA63D5100596677 /* Project object */ = {
			isa = PBXProject;
			attributes = {
				BuildIndependentTargetsInParallel = 1;
				LastSwiftUpdateCheck = 1500;
				LastUpgradeCheck = 1500;
				TargetAttributes = {
					329BC1E92AA63D5100596677 = {
						CreatedOnToolsVersion = 15.0;
					};
					32A3C43E2AA77CBD0044E575 = {
						CreatedOnToolsVersion = 15.0;
					};
				};
			};
			buildConfigurationList = 329BC1E52AA63D5100596677 /* Build configuration list for PBXProject "SwiftUI-Academy-AV-System" */;
			compatibilityVersion = "Xcode 14.0";
			developmentRegion = en;
			hasScannedForEncodings = 0;
			knownRegions = (
				en,
				Base,
			);
			mainGroup = 329BC1E12AA63D5100596677;
			packageReferences = (
				329BC22C2AA660EF00596677 /* XCRemoteSwiftPackageReference "Subsonic" */,
			);
			productRefGroup = 329BC1EB2AA63D5100596677 /* Products */;
			projectDirPath = "";
			projectRoot = "";
			targets = (
				329BC1E92AA63D5100596677 /* SwiftUI-Academy-AV-System */,
				32A3C43E2AA77CBD0044E575 /* AV Remote Control */,
			);
		};
/* End PBXProject section */

/* Begin PBXResourcesBuildPhase section */
		329BC1E82AA63D5100596677 /* Resources */ = {
			isa = PBXResourcesBuildPhase;
			buildActionMask = 2147483647;
			files = (
				329BC1F52AA63D5400596677 /* Preview Assets.xcassets in Resources */,
				329BC2302AA6615C00596677 /* radar.m4a in Resources */,
				329BC1F22AA63D5400596677 /* Assets.xcassets in Resources */,
			);
			runOnlyForDeploymentPostprocessing = 0;
		};
		32A3C43D2AA77CBD0044E575 /* Resources */ = {
			isa = PBXResourcesBuildPhase;
			buildActionMask = 2147483647;
			files = (
				32A3C4492AA77CC00044E575 /* Preview Assets.xcassets in Resources */,
				32A3C4462AA77CC00044E575 /* Assets.xcassets in Resources */,
			);
			runOnlyForDeploymentPostprocessing = 0;
		};
/* End PBXResourcesBuildPhase section */

/* Begin PBXSourcesBuildPhase section */
		329BC1E62AA63D5100596677 /* Sources */ = {
			isa = PBXSourcesBuildPhase;
			buildActionMask = 2147483647;
			files = (
				329BC1FD2AA63DA000596677 /* CameraView.swift in Sources */,
				329BC20F2AA6488400596677 /* ViewModel.swift in Sources */,
				32A3C4582AA780020044E575 /* RemoteControlDashboardItem.swift in Sources */,
				329BC2112AA6492A00596677 /* DashboardSection.swift in Sources */,
				329BC2012AA6419200596677 /* DashboardElement.swift in Sources */,
				329BC1FF2AA63E5B00596677 /* ControlPanelView.swift in Sources */,
				329BC21D2AA6518200596677 /* HoldingPresentationDashboardItem.swift in Sources */,
				32A3C41E2AA6E5CD0044E575 /* AppleTVView.swift in Sources */,
				329BC22B2AA6595C00596677 /* TimerView.swift in Sources */,
				329BC1F02AA63D5100596677 /* ContentView.swift in Sources */,
				329BC2212AA652B800596677 /* AppleTVPresentationDashboardItem.swift in Sources */,
				329BC2272AA657BB00596677 /* HoldingView.swift in Sources */,
				32A3C4542AA77EC70044E575 /* ViewModel+MultipeerConnectivity.swift in Sources */,
				329BC2052AA641BE00596677 /* CameraViewModel.swift in Sources */,
				329BC1EE2AA63D5100596677 /* SwiftUI_Academy_AV_SystemApp.swift in Sources */,
				329BC2132AA649C700596677 /* DashboardAppleTVLivePreview.swift in Sources */,
				329BC21B2AA64F6C00596677 /* DashboardHighlightedModifier.swift in Sources */,
				329BC2182AA64D9B00596677 /* WelcomePresentationDashboardItem.swift in Sources */,
				329BC2292AA6588500596677 /* LunchView.swift in Sources */,
				329BC21F2AA6522300596677 /* LunchPresentationDashboardItem.swift in Sources */,
				32A3C43A2AA70C130044E575 /* CountdownView.swift in Sources */,
				329BC2152AA64A0900596677 /* DashboardCaptureCameraSettings.swift in Sources */,
				329BC2232AA6534F00596677 /* TimerPresentationDashboardItem.swift in Sources */,
				329BC2032AA641AE00596677 /* CameraInput.swift in Sources */,
				329BC20D2AA6481D00596677 /* PresentationState.swift in Sources */,
				329BC2252AA654FB00596677 /* WelcomeView.swift in Sources */,
				32A3C4632AA7951A0044E575 /* MCSessionState+CustomStringConvertible.swift in Sources */,
				32A3C44F2AA77CD60044E575 /* MultipeerConstants.swift in Sources */,
			);
			runOnlyForDeploymentPostprocessing = 0;
		};
		32A3C43B2AA77CBD0044E575 /* Sources */ = {
			isa = PBXSourcesBuildPhase;
			buildActionMask = 2147483647;
			files = (
				32A3C4692AA80CBA0044E575 /* LunchPresentationDashboardItem.swift in Sources */,
				32A3C4442AA77CBD0044E575 /* ContentView.swift in Sources */,
				32A3C46A2AA80CBA0044E575 /* WelcomePresentationDashboardItem.swift in Sources */,
				32A3C45F2AA782480044E575 /* PresentationState.swift in Sources */,
				32A3C4422AA77CBD0044E575 /* AV_Remote_ControlApp.swift in Sources */,
				32A3C4672AA80CBA0044E575 /* TimerPresentationDashboardItem.swift in Sources */,
				32A3C45E2AA782280044E575 /* MCBrowserManager.swift in Sources */,
				32A3C45A2AA781FC0044E575 /* ViewModel.swift in Sources */,
				32A3C4652AA80CBA0044E575 /* HoldingPresentationDashboardItem.swift in Sources */,
				32A3C4662AA80CBA0044E575 /* DashboardHighlightedModifier.swift in Sources */,
				32A3C4642AA80CB00044E575 /* DashboardElement.swift in Sources */,
				32A3C4502AA77CD80044E575 /* MultipeerConstants.swift in Sources */,
				32A3C4622AA795130044E575 /* MCSessionState+CustomStringConvertible.swift in Sources */,
				32A3C45C2AA7820F0044E575 /* ViewModel+MultipeerConnectivity.swift in Sources */,
				32A3C4682AA80CBA0044E575 /* AppleTVPresentationDashboardItem.swift in Sources */,
			);
			runOnlyForDeploymentPostprocessing = 0;
		};
/* End PBXSourcesBuildPhase section */

/* Begin XCBuildConfiguration section */
		329BC1F72AA63D5400596677 /* Debug */ = {
			isa = XCBuildConfiguration;
			buildSettings = {
				ALWAYS_SEARCH_USER_PATHS = NO;
				ASSETCATALOG_COMPILER_GENERATE_SWIFT_ASSET_SYMBOL_EXTENSIONS = YES;
				CLANG_ANALYZER_NONNULL = YES;
				CLANG_ANALYZER_NUMBER_OBJECT_CONVERSION = YES_AGGRESSIVE;
				CLANG_CXX_LANGUAGE_STANDARD = "gnu++20";
				CLANG_ENABLE_MODULES = YES;
				CLANG_ENABLE_OBJC_ARC = YES;
				CLANG_ENABLE_OBJC_WEAK = YES;
				CLANG_WARN_BLOCK_CAPTURE_AUTORELEASING = YES;
				CLANG_WARN_BOOL_CONVERSION = YES;
				CLANG_WARN_COMMA = YES;
				CLANG_WARN_CONSTANT_CONVERSION = YES;
				CLANG_WARN_DEPRECATED_OBJC_IMPLEMENTATIONS = YES;
				CLANG_WARN_DIRECT_OBJC_ISA_USAGE = YES_ERROR;
				CLANG_WARN_DOCUMENTATION_COMMENTS = YES;
				CLANG_WARN_EMPTY_BODY = YES;
				CLANG_WARN_ENUM_CONVERSION = YES;
				CLANG_WARN_INFINITE_RECURSION = YES;
				CLANG_WARN_INT_CONVERSION = YES;
				CLANG_WARN_NON_LITERAL_NULL_CONVERSION = YES;
				CLANG_WARN_OBJC_IMPLICIT_RETAIN_SELF = YES;
				CLANG_WARN_OBJC_LITERAL_CONVERSION = YES;
				CLANG_WARN_OBJC_ROOT_CLASS = YES_ERROR;
				CLANG_WARN_QUOTED_INCLUDE_IN_FRAMEWORK_HEADER = YES;
				CLANG_WARN_RANGE_LOOP_ANALYSIS = YES;
				CLANG_WARN_STRICT_PROTOTYPES = YES;
				CLANG_WARN_SUSPICIOUS_MOVE = YES;
				CLANG_WARN_UNGUARDED_AVAILABILITY = YES_AGGRESSIVE;
				CLANG_WARN_UNREACHABLE_CODE = YES;
				CLANG_WARN__DUPLICATE_METHOD_MATCH = YES;
				COPY_PHASE_STRIP = NO;
				DEBUG_INFORMATION_FORMAT = dwarf;
				ENABLE_STRICT_OBJC_MSGSEND = YES;
				ENABLE_TESTABILITY = YES;
				ENABLE_USER_SCRIPT_SANDBOXING = YES;
				GCC_C_LANGUAGE_STANDARD = gnu17;
				GCC_DYNAMIC_NO_PIC = NO;
				GCC_NO_COMMON_BLOCKS = YES;
				GCC_OPTIMIZATION_LEVEL = 0;
				GCC_PREPROCESSOR_DEFINITIONS = (
					"DEBUG=1",
					"$(inherited)",
				);
				GCC_WARN_64_TO_32_BIT_CONVERSION = YES;
				GCC_WARN_ABOUT_RETURN_TYPE = YES_ERROR;
				GCC_WARN_UNDECLARED_SELECTOR = YES;
				GCC_WARN_UNINITIALIZED_AUTOS = YES_AGGRESSIVE;
				GCC_WARN_UNUSED_FUNCTION = YES;
				GCC_WARN_UNUSED_VARIABLE = YES;
				LOCALIZATION_PREFERS_STRING_CATALOGS = YES;
				MACOSX_DEPLOYMENT_TARGET = 14.0;
				MTL_ENABLE_DEBUG_INFO = INCLUDE_SOURCE;
				MTL_FAST_MATH = YES;
				ONLY_ACTIVE_ARCH = YES;
				SDKROOT = macosx;
				SWIFT_ACTIVE_COMPILATION_CONDITIONS = "DEBUG $(inherited)";
				SWIFT_OPTIMIZATION_LEVEL = "-Onone";
			};
			name = Debug;
		};
		329BC1F82AA63D5400596677 /* Release */ = {
			isa = XCBuildConfiguration;
			buildSettings = {
				ALWAYS_SEARCH_USER_PATHS = NO;
				ASSETCATALOG_COMPILER_GENERATE_SWIFT_ASSET_SYMBOL_EXTENSIONS = YES;
				CLANG_ANALYZER_NONNULL = YES;
				CLANG_ANALYZER_NUMBER_OBJECT_CONVERSION = YES_AGGRESSIVE;
				CLANG_CXX_LANGUAGE_STANDARD = "gnu++20";
				CLANG_ENABLE_MODULES = YES;
				CLANG_ENABLE_OBJC_ARC = YES;
				CLANG_ENABLE_OBJC_WEAK = YES;
				CLANG_WARN_BLOCK_CAPTURE_AUTORELEASING = YES;
				CLANG_WARN_BOOL_CONVERSION = YES;
				CLANG_WARN_COMMA = YES;
				CLANG_WARN_CONSTANT_CONVERSION = YES;
				CLANG_WARN_DEPRECATED_OBJC_IMPLEMENTATIONS = YES;
				CLANG_WARN_DIRECT_OBJC_ISA_USAGE = YES_ERROR;
				CLANG_WARN_DOCUMENTATION_COMMENTS = YES;
				CLANG_WARN_EMPTY_BODY = YES;
				CLANG_WARN_ENUM_CONVERSION = YES;
				CLANG_WARN_INFINITE_RECURSION = YES;
				CLANG_WARN_INT_CONVERSION = YES;
				CLANG_WARN_NON_LITERAL_NULL_CONVERSION = YES;
				CLANG_WARN_OBJC_IMPLICIT_RETAIN_SELF = YES;
				CLANG_WARN_OBJC_LITERAL_CONVERSION = YES;
				CLANG_WARN_OBJC_ROOT_CLASS = YES_ERROR;
				CLANG_WARN_QUOTED_INCLUDE_IN_FRAMEWORK_HEADER = YES;
				CLANG_WARN_RANGE_LOOP_ANALYSIS = YES;
				CLANG_WARN_STRICT_PROTOTYPES = YES;
				CLANG_WARN_SUSPICIOUS_MOVE = YES;
				CLANG_WARN_UNGUARDED_AVAILABILITY = YES_AGGRESSIVE;
				CLANG_WARN_UNREACHABLE_CODE = YES;
				CLANG_WARN__DUPLICATE_METHOD_MATCH = YES;
				COPY_PHASE_STRIP = NO;
				DEBUG_INFORMATION_FORMAT = "dwarf-with-dsym";
				ENABLE_NS_ASSERTIONS = NO;
				ENABLE_STRICT_OBJC_MSGSEND = YES;
				ENABLE_USER_SCRIPT_SANDBOXING = YES;
				GCC_C_LANGUAGE_STANDARD = gnu17;
				GCC_NO_COMMON_BLOCKS = YES;
				GCC_WARN_64_TO_32_BIT_CONVERSION = YES;
				GCC_WARN_ABOUT_RETURN_TYPE = YES_ERROR;
				GCC_WARN_UNDECLARED_SELECTOR = YES;
				GCC_WARN_UNINITIALIZED_AUTOS = YES_AGGRESSIVE;
				GCC_WARN_UNUSED_FUNCTION = YES;
				GCC_WARN_UNUSED_VARIABLE = YES;
				LOCALIZATION_PREFERS_STRING_CATALOGS = YES;
				MACOSX_DEPLOYMENT_TARGET = 14.0;
				MTL_ENABLE_DEBUG_INFO = NO;
				MTL_FAST_MATH = YES;
				SDKROOT = macosx;
				SWIFT_COMPILATION_MODE = wholemodule;
			};
			name = Release;
		};
		329BC1FA2AA63D5400596677 /* Debug */ = {
			isa = XCBuildConfiguration;
			buildSettings = {
				ASSETCATALOG_COMPILER_APPICON_NAME = AppIcon;
				ASSETCATALOG_COMPILER_GLOBAL_ACCENT_COLOR_NAME = AccentColor;
				CODE_SIGN_ENTITLEMENTS = "SwiftUI-Academy-AV-System/SwiftUI_Academy_AV_System.entitlements";
				CODE_SIGN_STYLE = Automatic;
				COMBINE_HIDPI_IMAGES = YES;
				CURRENT_PROJECT_VERSION = 1;
				DEVELOPMENT_ASSET_PATHS = "\"SwiftUI-Academy-AV-System/Preview Content\"";
				DEVELOPMENT_TEAM = 9W63WN9LG4;
				ENABLE_HARDENED_RUNTIME = YES;
				ENABLE_PREVIEWS = YES;
				GENERATE_INFOPLIST_FILE = YES;
				INFOPLIST_FILE = "SwiftUI-Academy-AV-System/Info.plist";
				INFOPLIST_KEY_NSBluetoothAlwaysUsageDescription = "Connect to remote controller";
				INFOPLIST_KEY_NSCameraUsageDescription = "Show Apple TV Live Feed";
				INFOPLIST_KEY_NSHumanReadableCopyright = "";
				INFOPLIST_KEY_NSLocalNetworkUsageDescription = "Connect to remote controller";
				LD_RUNPATH_SEARCH_PATHS = (
					"$(inherited)",
					"@executable_path/../Frameworks",
				);
				MARKETING_VERSION = 1.0;
				PRODUCT_BUNDLE_IDENTIFIER = "app.jiachen.SwiftUI-Academy-AV-System";
				PRODUCT_NAME = "$(TARGET_NAME)";
				SWIFT_EMIT_LOC_STRINGS = YES;
				SWIFT_VERSION = 5.0;
			};
			name = Debug;
		};
		329BC1FB2AA63D5400596677 /* Release */ = {
			isa = XCBuildConfiguration;
			buildSettings = {
				ASSETCATALOG_COMPILER_APPICON_NAME = AppIcon;
				ASSETCATALOG_COMPILER_GLOBAL_ACCENT_COLOR_NAME = AccentColor;
				CODE_SIGN_ENTITLEMENTS = "SwiftUI-Academy-AV-System/SwiftUI_Academy_AV_System.entitlements";
				CODE_SIGN_STYLE = Automatic;
				COMBINE_HIDPI_IMAGES = YES;
				CURRENT_PROJECT_VERSION = 1;
				DEVELOPMENT_ASSET_PATHS = "\"SwiftUI-Academy-AV-System/Preview Content\"";
				DEVELOPMENT_TEAM = 9W63WN9LG4;
				ENABLE_HARDENED_RUNTIME = YES;
				ENABLE_PREVIEWS = YES;
				GENERATE_INFOPLIST_FILE = YES;
				INFOPLIST_FILE = "SwiftUI-Academy-AV-System/Info.plist";
				INFOPLIST_KEY_NSBluetoothAlwaysUsageDescription = "Connect to remote controller";
				INFOPLIST_KEY_NSCameraUsageDescription = "Show Apple TV Live Feed";
				INFOPLIST_KEY_NSHumanReadableCopyright = "";
				INFOPLIST_KEY_NSLocalNetworkUsageDescription = "Connect to remote controller";
				LD_RUNPATH_SEARCH_PATHS = (
					"$(inherited)",
					"@executable_path/../Frameworks",
				);
				MARKETING_VERSION = 1.0;
				PRODUCT_BUNDLE_IDENTIFIER = "app.jiachen.SwiftUI-Academy-AV-System";
				PRODUCT_NAME = "$(TARGET_NAME)";
				SWIFT_EMIT_LOC_STRINGS = YES;
				SWIFT_VERSION = 5.0;
			};
			name = Release;
		};
		32A3C44B2AA77CC00044E575 /* Debug */ = {
			isa = XCBuildConfiguration;
			buildSettings = {
				ASSETCATALOG_COMPILER_APPICON_NAME = AppIcon;
				ASSETCATALOG_COMPILER_GLOBAL_ACCENT_COLOR_NAME = AccentColor;
				CODE_SIGN_STYLE = Automatic;
				CURRENT_PROJECT_VERSION = 1;
				DEVELOPMENT_ASSET_PATHS = "\"AV Remote Control/Preview Content\"";
				DEVELOPMENT_TEAM = 9W63WN9LG4;
				ENABLE_PREVIEWS = YES;
				GENERATE_INFOPLIST_FILE = YES;
				INFOPLIST_FILE = "AV-Remote-Control-Info.plist";
				INFOPLIST_KEY_NSBluetoothAlwaysUsageDescription = "Connect to remote controller";
				INFOPLIST_KEY_NSLocalNetworkUsageDescription = "Connect to hub";
				INFOPLIST_KEY_UIApplicationSceneManifest_Generation = YES;
				INFOPLIST_KEY_UIApplicationSupportsIndirectInputEvents = YES;
				INFOPLIST_KEY_UILaunchScreen_Generation = YES;
				INFOPLIST_KEY_UISupportedInterfaceOrientations_iPad = "UIInterfaceOrientationPortrait UIInterfaceOrientationPortraitUpsideDown UIInterfaceOrientationLandscapeLeft UIInterfaceOrientationLandscapeRight";
				INFOPLIST_KEY_UISupportedInterfaceOrientations_iPhone = "UIInterfaceOrientationPortrait UIInterfaceOrientationLandscapeLeft UIInterfaceOrientationLandscapeRight";
				IPHONEOS_DEPLOYMENT_TARGET = 16;
				LD_RUNPATH_SEARCH_PATHS = (
					"$(inherited)",
					"@executable_path/Frameworks",
				);
				MARKETING_VERSION = 1.0;
				PRODUCT_BUNDLE_IDENTIFIER = "app.jiachen.AV-Remote-Control";
				PRODUCT_NAME = "$(TARGET_NAME)";
				SDKROOT = iphoneos;
				SWIFT_EMIT_LOC_STRINGS = YES;
				SWIFT_VERSION = 5.0;
				TARGETED_DEVICE_FAMILY = "1,2";
			};
			name = Debug;
		};
		32A3C44C2AA77CC00044E575 /* Release */ = {
			isa = XCBuildConfiguration;
			buildSettings = {
				ASSETCATALOG_COMPILER_APPICON_NAME = AppIcon;
				ASSETCATALOG_COMPILER_GLOBAL_ACCENT_COLOR_NAME = AccentColor;
				CODE_SIGN_STYLE = Automatic;
				CURRENT_PROJECT_VERSION = 1;
				DEVELOPMENT_ASSET_PATHS = "\"AV Remote Control/Preview Content\"";
				DEVELOPMENT_TEAM = 9W63WN9LG4;
				ENABLE_PREVIEWS = YES;
				GENERATE_INFOPLIST_FILE = YES;
				INFOPLIST_FILE = "AV-Remote-Control-Info.plist";
				INFOPLIST_KEY_NSBluetoothAlwaysUsageDescription = "Connect to remote controller";
				INFOPLIST_KEY_NSLocalNetworkUsageDescription = "Connect to hub";
				INFOPLIST_KEY_UIApplicationSceneManifest_Generation = YES;
				INFOPLIST_KEY_UIApplicationSupportsIndirectInputEvents = YES;
				INFOPLIST_KEY_UILaunchScreen_Generation = YES;
				INFOPLIST_KEY_UISupportedInterfaceOrientations_iPad = "UIInterfaceOrientationPortrait UIInterfaceOrientationPortraitUpsideDown UIInterfaceOrientationLandscapeLeft UIInterfaceOrientationLandscapeRight";
				INFOPLIST_KEY_UISupportedInterfaceOrientations_iPhone = "UIInterfaceOrientationPortrait UIInterfaceOrientationLandscapeLeft UIInterfaceOrientationLandscapeRight";
				IPHONEOS_DEPLOYMENT_TARGET = 16;
				LD_RUNPATH_SEARCH_PATHS = (
					"$(inherited)",
					"@executable_path/Frameworks",
				);
				MARKETING_VERSION = 1.0;
				PRODUCT_BUNDLE_IDENTIFIER = "app.jiachen.AV-Remote-Control";
				PRODUCT_NAME = "$(TARGET_NAME)";
				SDKROOT = iphoneos;
				SWIFT_EMIT_LOC_STRINGS = YES;
				SWIFT_VERSION = 5.0;
				TARGETED_DEVICE_FAMILY = "1,2";
				VALIDATE_PRODUCT = YES;
			};
			name = Release;
		};
/* End XCBuildConfiguration section */

/* Begin XCConfigurationList section */
		329BC1E52AA63D5100596677 /* Build configuration list for PBXProject "SwiftUI-Academy-AV-System" */ = {
			isa = XCConfigurationList;
			buildConfigurations = (
				329BC1F72AA63D5400596677 /* Debug */,
				329BC1F82AA63D5400596677 /* Release */,
			);
			defaultConfigurationIsVisible = 0;
			defaultConfigurationName = Release;
		};
		329BC1F92AA63D5400596677 /* Build configuration list for PBXNativeTarget "SwiftUI-Academy-AV-System" */ = {
			isa = XCConfigurationList;
			buildConfigurations = (
				329BC1FA2AA63D5400596677 /* Debug */,
				329BC1FB2AA63D5400596677 /* Release */,
			);
			defaultConfigurationIsVisible = 0;
			defaultConfigurationName = Release;
		};
		32A3C44A2AA77CC00044E575 /* Build configuration list for PBXNativeTarget "AV Remote Control" */ = {
			isa = XCConfigurationList;
			buildConfigurations = (
				32A3C44B2AA77CC00044E575 /* Debug */,
				32A3C44C2AA77CC00044E575 /* Release */,
			);
			defaultConfigurationIsVisible = 0;
			defaultConfigurationName = Release;
		};
/* End XCConfigurationList section */

/* Begin XCRemoteSwiftPackageReference section */
		329BC22C2AA660EF00596677 /* XCRemoteSwiftPackageReference "Subsonic" */ = {
			isa = XCRemoteSwiftPackageReference;
			repositoryURL = "https://github.com/twostraws/Subsonic";
			requirement = {
				kind = upToNextMajorVersion;
				minimumVersion = 0.2.0;
			};
		};
/* End XCRemoteSwiftPackageReference section */

/* Begin XCSwiftPackageProductDependency section */
		329BC22D2AA660EF00596677 /* Subsonic */ = {
			isa = XCSwiftPackageProductDependency;
			package = 329BC22C2AA660EF00596677 /* XCRemoteSwiftPackageReference "Subsonic" */;
			productName = Subsonic;
		};
/* End XCSwiftPackageProductDependency section */
	};
	rootObject = 329BC1E22AA63D5100596677 /* Project object */;
}
